
Microsoft Visual Studio Solution File, Format Version 12.00
# Visual Studio Version 16
VisualStudioVersion = 16.0.32228.343
MinimumVisualStudioVersion = 10.0.40219.1
Project("{FAE04EC0-301F-11D3-BF4B-00C04F79EFBC}") = "OOP_Course", "OOP_Course\OOP_Course.csproj", "{6AE5CCAA-D52C-44D0-9561-04CFD493FC5D}"
EndProject
Global
	GlobalSection(SolutionConfigurationPlatforms) = preSolution
		Debug|Any CPU = Debug|Any CPU
		Release|Any CPU = Release|Any CPU
	EndGlobalSection
	GlobalSection(ProjectConfigurationPlatforms) = postSolution
		{6AE5CCAA-D52C-44D0-9561-04CFD493FC5D}.Debug|Any CPU.ActiveCfg = Debug|Any CPU
		{6AE5CCAA-D52C-44D0-9561-04CFD493FC5D}.Debug|Any CPU.Build.0 = Debug|Any CPU
		{6AE5CCAA-D52C-44D0-9561-04CFD493FC5D}.Release|Any CPU.ActiveCfg = Release|Any CPU
		{6AE5CCAA-D52C-44D0-9561-04CFD493FC5D}.Release|Any CPU.Build.0 = Release|Any CPU
	EndGlobalSection
	GlobalSection(SolutionProperties) = preSolution
		HideSolutionNode = FALSE
	EndGlobalSection
	GlobalSection(ExtensibilityGlobals) = postSolution
		SolutionGuid = {C3734A49-D8BB-4379-B36E-837F610FDA7B}
	EndGlobalSection
EndGlobal
