
Microsoft Visual Studio Solution File, Format Version 12.00
# Visual Studio Version 17
VisualStudioVersion = 17.1.32319.34
MinimumVisualStudioVersion = 10.0.40219.1
Project("{FAE04EC0-301F-11D3-BF4B-00C04F79EFBC}") = "ConsoleApp2", "ConsoleApp2\ConsoleApp2.csproj", "{3412801A-3AF7-4FD6-8B0D-AA3A7CC8FB01}"
EndProject
Global
	GlobalSection(SolutionConfigurationPlatforms) = preSolution
		Debug|Any CPU = Debug|Any CPU
		Release|Any CPU = Release|Any CPU
	EndGlobalSection
	GlobalSection(ProjectConfigurationPlatforms) = postSolution
		{3412801A-3AF7-4FD6-8B0D-AA3A7CC8FB01}.Debug|Any CPU.ActiveCfg = Debug|Any CPU
		{3412801A-3AF7-4FD6-8B0D-AA3A7CC8FB01}.Debug|Any CPU.Build.0 = Debug|Any CPU
		{3412801A-3AF7-4FD6-8B0D-AA3A7CC8FB01}.Release|Any CPU.ActiveCfg = Release|Any CPU
		{3412801A-3AF7-4FD6-8B0D-AA3A7CC8FB01}.Release|Any CPU.Build.0 = Release|Any CPU
	EndGlobalSection
	GlobalSection(SolutionProperties) = preSolution
		HideSolutionNode = FALSE
	EndGlobalSection
	GlobalSection(ExtensibilityGlobals) = postSolution
		SolutionGuid = {57954C12-172A-46D4-ABE7-D0F6D9128650}
	EndGlobalSection
EndGlobal
