
Microsoft Visual Studio Solution File, Format Version 12.00
# Visual Studio Version 16
VisualStudioVersion = 16.0.32228.343
MinimumVisualStudioVersion = 10.0.40219.1
Project("{FAE04EC0-301F-11D3-BF4B-00C04F79EFBC}") = "L1_Data_Structures", "L1_Data_Structures\L1_Data_Structures.csproj", "{41F347E2-DC19-4539-897C-BE27113F8873}"
EndProject
Global
	GlobalSection(SolutionConfigurationPlatforms) = preSolution
		Debug|Any CPU = Debug|Any CPU
		Release|Any CPU = Release|Any CPU
	EndGlobalSection
	GlobalSection(ProjectConfigurationPlatforms) = postSolution
		{41F347E2-DC19-4539-897C-BE27113F8873}.Debug|Any CPU.ActiveCfg = Debug|Any CPU
		{41F347E2-DC19-4539-897C-BE27113F8873}.Debug|Any CPU.Build.0 = Debug|Any CPU
		{41F347E2-DC19-4539-897C-BE27113F8873}.Release|Any CPU.ActiveCfg = Release|Any CPU
		{41F347E2-DC19-4539-897C-BE27113F8873}.Release|Any CPU.Build.0 = Release|Any CPU
	EndGlobalSection
	GlobalSection(SolutionProperties) = preSolution
		HideSolutionNode = FALSE
	EndGlobalSection
	GlobalSection(ExtensibilityGlobals) = postSolution
		SolutionGuid = {89EA29C2-27A7-4B69-838F-61E7342C15A0}
	EndGlobalSection
EndGlobal
