
Microsoft Visual Studio Solution File, Format Version 12.00
# Visual Studio Version 16
VisualStudioVersion = 16.0.32228.343
MinimumVisualStudioVersion = 10.0.40219.1
Project("{FAE04EC0-301F-11D3-BF4B-00C04F79EFBC}") = "NumberGuess", "NumberGuess\NumberGuess.csproj", "{2878A8B1-8BDD-412A-AF6B-174E61E47751}"
EndProject
Global
	GlobalSection(SolutionConfigurationPlatforms) = preSolution
		Debug|Any CPU = Debug|Any CPU
		Release|Any CPU = Release|Any CPU
	EndGlobalSection
	GlobalSection(ProjectConfigurationPlatforms) = postSolution
		{2878A8B1-8BDD-412A-AF6B-174E61E47751}.Debug|Any CPU.ActiveCfg = Debug|Any CPU
		{2878A8B1-8BDD-412A-AF6B-174E61E47751}.Debug|Any CPU.Build.0 = Debug|Any CPU
		{2878A8B1-8BDD-412A-AF6B-174E61E47751}.Release|Any CPU.ActiveCfg = Release|Any CPU
		{2878A8B1-8BDD-412A-AF6B-174E61E47751}.Release|Any CPU.Build.0 = Release|Any CPU
	EndGlobalSection
	GlobalSection(SolutionProperties) = preSolution
		HideSolutionNode = FALSE
	EndGlobalSection
	GlobalSection(ExtensibilityGlobals) = postSolution
		SolutionGuid = {50D0C03C-C59C-4227-A52D-25FC346A5452}
	EndGlobalSection
EndGlobal
