
Microsoft Visual Studio Solution File, Format Version 12.00
# Visual Studio Version 16
VisualStudioVersion = 16.0.32228.343
MinimumVisualStudioVersion = 10.0.40219.1
Project("{FAE04EC0-301F-11D3-BF4B-00C04F79EFBC}") = "TestProject1", "TestProject1\TestProject1.csproj", "{C64F07FC-294D-4DF3-A90B-C3BB7294DC8C}"
EndProject
Project("{FAE04EC0-301F-11D3-BF4B-00C04F79EFBC}") = "L8_Test_Practice", "L8_Test_Practice\L8_Test_Practice.csproj", "{18CFCB20-5917-41C6-8085-0F53DE9582A4}"
EndProject
Global
	GlobalSection(SolutionConfigurationPlatforms) = preSolution
		Debug|Any CPU = Debug|Any CPU
		Release|Any CPU = Release|Any CPU
	EndGlobalSection
	GlobalSection(ProjectConfigurationPlatforms) = postSolution
		{C64F07FC-294D-4DF3-A90B-C3BB7294DC8C}.Debug|Any CPU.ActiveCfg = Debug|Any CPU
		{C64F07FC-294D-4DF3-A90B-C3BB7294DC8C}.Debug|Any CPU.Build.0 = Debug|Any CPU
		{C64F07FC-294D-4DF3-A90B-C3BB7294DC8C}.Release|Any CPU.ActiveCfg = Release|Any CPU
		{C64F07FC-294D-4DF3-A90B-C3BB7294DC8C}.Release|Any CPU.Build.0 = Release|Any CPU
		{18CFCB20-5917-41C6-8085-0F53DE9582A4}.Debug|Any CPU.ActiveCfg = Debug|Any CPU
		{18CFCB20-5917-41C6-8085-0F53DE9582A4}.Debug|Any CPU.Build.0 = Debug|Any CPU
		{18CFCB20-5917-41C6-8085-0F53DE9582A4}.Release|Any CPU.ActiveCfg = Release|Any CPU
		{18CFCB20-5917-41C6-8085-0F53DE9582A4}.Release|Any CPU.Build.0 = Release|Any CPU
	EndGlobalSection
	GlobalSection(SolutionProperties) = preSolution
		HideSolutionNode = FALSE
	EndGlobalSection
	GlobalSection(ExtensibilityGlobals) = postSolution
		SolutionGuid = {4E21DF4C-591B-4A6E-B0E5-94AF80FD46F4}
	EndGlobalSection
EndGlobal
